
Microsoft Visual Studio Solution File, Format Version 12.00
# Visual Studio Version 17
VisualStudioVersion = 17.5.2.0
MinimumVisualStudioVersion = 10.0.40219.1
Project("{2150E333-8FDC-42A3-9474-1A3956D46DE8}") = "virtual-library", "virtual-library", "{2FE3E5E3-383A-A8FF-E7B8-3EDCBF4C52C1}"
EndProject
Project("{2150E333-8FDC-42A3-9474-1A3956D46DE8}") = "api", "api", "{974B36DB-E2BF-4BD7-7121-1A52EEE9A2D6}"
EndProject
Project("{FAE04EC0-301F-11D3-BF4B-00C04F79EFBC}") = "VirtualLibrary.Api", "virtual-library\api\VirtualLibrary.Api\VirtualLibrary.Api.csproj", "{D72FA6ED-D4A5-A374-AF74-B0A49B51C2CB}"
EndProject
Project("{FAE04EC0-301F-11D3-BF4B-00C04F79EFBC}") = "VirtualLibrary.Api.Tests", "virtual-library\api\VirtualLibrary.Api.Tests\VirtualLibrary.Api.Tests.csproj", "{8541D704-CA78-464E-8DCA-825BCD1BC158}"
EndProject
Global
	GlobalSection(SolutionConfigurationPlatforms) = preSolution
		Debug|Any CPU = Debug|Any CPU
		Debug|x64 = Debug|x64
		Debug|x86 = Debug|x86
		Release|Any CPU = Release|Any CPU
		Release|x64 = Release|x64
		Release|x86 = Release|x86
	EndGlobalSection
	GlobalSection(ProjectConfigurationPlatforms) = postSolution
		{D72FA6ED-D4A5-A374-AF74-B0A49B51C2CB}.Debug|Any CPU.ActiveCfg = Debug|Any CPU
		{D72FA6ED-D4A5-A374-AF74-B0A49B51C2CB}.Debug|Any CPU.Build.0 = Debug|Any CPU
		{D72FA6ED-D4A5-A374-AF74-B0A49B51C2CB}.Debug|x64.ActiveCfg = Debug|Any CPU
		{D72FA6ED-D4A5-A374-AF74-B0A49B51C2CB}.Debug|x64.Build.0 = Debug|Any CPU
		{D72FA6ED-D4A5-A374-AF74-B0A49B51C2CB}.Debug|x86.ActiveCfg = Debug|Any CPU
		{D72FA6ED-D4A5-A374-AF74-B0A49B51C2CB}.Debug|x86.Build.0 = Debug|Any CPU
		{D72FA6ED-D4A5-A374-AF74-B0A49B51C2CB}.Release|Any CPU.ActiveCfg = Release|Any CPU
		{D72FA6ED-D4A5-A374-AF74-B0A49B51C2CB}.Release|Any CPU.Build.0 = Release|Any CPU
		{D72FA6ED-D4A5-A374-AF74-B0A49B51C2CB}.Release|x64.ActiveCfg = Release|Any CPU
		{D72FA6ED-D4A5-A374-AF74-B0A49B51C2CB}.Release|x64.Build.0 = Release|Any CPU
		{D72FA6ED-D4A5-A374-AF74-B0A49B51C2CB}.Release|x86.ActiveCfg = Release|Any CPU
		{D72FA6ED-D4A5-A374-AF74-B0A49B51C2CB}.Release|x86.Build.0 = Release|Any CPU
		{8541D704-CA78-464E-8DCA-825BCD1BC158}.Debug|Any CPU.ActiveCfg = Debug|Any CPU
		{8541D704-CA78-464E-8DCA-825BCD1BC158}.Debug|Any CPU.Build.0 = Debug|Any CPU
		{8541D704-CA78-464E-8DCA-825BCD1BC158}.Debug|x64.ActiveCfg = Debug|Any CPU
		{8541D704-CA78-464E-8DCA-825BCD1BC158}.Debug|x64.Build.0 = Debug|Any CPU
		{8541D704-CA78-464E-8DCA-825BCD1BC158}.Debug|x86.ActiveCfg = Debug|Any CPU
		{8541D704-CA78-464E-8DCA-825BCD1BC158}.Debug|x86.Build.0 = Debug|Any CPU
		{8541D704-CA78-464E-8DCA-825BCD1BC158}.Release|Any CPU.ActiveCfg = Release|Any CPU
		{8541D704-CA78-464E-8DCA-825BCD1BC158}.Release|Any CPU.Build.0 = Release|Any CPU
		{8541D704-CA78-464E-8DCA-825BCD1BC158}.Release|x64.ActiveCfg = Release|Any CPU
		{8541D704-CA78-464E-8DCA-825BCD1BC158}.Release|x64.Build.0 = Release|Any CPU
		{8541D704-CA78-464E-8DCA-825BCD1BC158}.Release|x86.ActiveCfg = Release|Any CPU
		{8541D704-CA78-464E-8DCA-825BCD1BC158}.Release|x86.Build.0 = Release|Any CPU
	EndGlobalSection
	GlobalSection(SolutionProperties) = preSolution
		HideSolutionNode = FALSE
	EndGlobalSection
	GlobalSection(NestedProjects) = preSolution
		{974B36DB-E2BF-4BD7-7121-1A52EEE9A2D6} = {2FE3E5E3-383A-A8FF-E7B8-3EDCBF4C52C1}
		{D72FA6ED-D4A5-A374-AF74-B0A49B51C2CB} = {974B36DB-E2BF-4BD7-7121-1A52EEE9A2D6}
		{8541D704-CA78-464E-8DCA-825BCD1BC158} = {974B36DB-E2BF-4BD7-7121-1A52EEE9A2D6}
	EndGlobalSection
	GlobalSection(ExtensibilityGlobals) = postSolution
		SolutionGuid = {A3BE61B1-7D0C-42D9-9DAC-71CB99473594}
	EndGlobalSection
EndGlobal
